
Microsoft Visual Studio Solution File, Format Version 12.00
# Visual Studio 15
VisualStudioVersion = 15.0.27004.2006
MinimumVisualStudioVersion = 10.0.40219.1
Project("{FAE04EC0-301F-11D3-BF4B-00C04F79EFBC}") = "BookStore.WindowsForms", "BookStore.WindowsForms\BookStore.WindowsForms.csproj", "{C3874A0F-C600-4A7F-B972-B0A4A098E1A6}"
EndProject
Project("{FAE04EC0-301F-11D3-BF4B-00C04F79EFBC}") = "BookStore.Core", "BookSrote.Core\BookStore.Core.csproj", "{2B1E1196-3CE9-4173-A50E-AA9B38E3DE2A}"
EndProject
Project("{FAE04EC0-301F-11D3-BF4B-00C04F79EFBC}") = "BookStore.Forms.Android", "BookStore.Forms\BookStore.Forms.Android\BookStore.Forms.Android.csproj", "{D1E4EC07-3545-456A-B610-02937C755127}"
EndProject
Project("{FAE04EC0-301F-11D3-BF4B-00C04F79EFBC}") = "BookStore.Forms", "BookStore.Forms\BookStore.Forms\BookStore.Forms.csproj", "{68575331-0B47-4CCE-89C1-18FFFE169FC2}"
EndProject
Global
	GlobalSection(SolutionConfigurationPlatforms) = preSolution
		Ad-Hoc|Any CPU = Ad-Hoc|Any CPU
		Ad-Hoc|iPhone = Ad-Hoc|iPhone
		Ad-Hoc|iPhoneSimulator = Ad-Hoc|iPhoneSimulator
		AppStore|Any CPU = AppStore|Any CPU
		AppStore|iPhone = AppStore|iPhone
		AppStore|iPhoneSimulator = AppStore|iPhoneSimulator
		Debug|Any CPU = Debug|Any CPU
		Debug|iPhone = Debug|iPhone
		Debug|iPhoneSimulator = Debug|iPhoneSimulator
		Release|Any CPU = Release|Any CPU
		Release|iPhone = Release|iPhone
		Release|iPhoneSimulator = Release|iPhoneSimulator
	EndGlobalSection
	GlobalSection(ProjectConfigurationPlatforms) = postSolution
		{C3874A0F-C600-4A7F-B972-B0A4A098E1A6}.Ad-Hoc|Any CPU.ActiveCfg = Release|Any CPU
		{C3874A0F-C600-4A7F-B972-B0A4A098E1A6}.Ad-Hoc|Any CPU.Build.0 = Release|Any CPU
		{C3874A0F-C600-4A7F-B972-B0A4A098E1A6}.Ad-Hoc|iPhone.ActiveCfg = Release|Any CPU
		{C3874A0F-C600-4A7F-B972-B0A4A098E1A6}.Ad-Hoc|iPhone.Build.0 = Release|Any CPU
		{C3874A0F-C600-4A7F-B972-B0A4A098E1A6}.Ad-Hoc|iPhoneSimulator.ActiveCfg = Release|Any CPU
		{C3874A0F-C600-4A7F-B972-B0A4A098E1A6}.Ad-Hoc|iPhoneSimulator.Build.0 = Release|Any CPU
		{C3874A0F-C600-4A7F-B972-B0A4A098E1A6}.AppStore|Any CPU.ActiveCfg = Release|Any CPU
		{C3874A0F-C600-4A7F-B972-B0A4A098E1A6}.AppStore|Any CPU.Build.0 = Release|Any CPU
		{C3874A0F-C600-4A7F-B972-B0A4A098E1A6}.AppStore|iPhone.ActiveCfg = Release|Any CPU
		{C3874A0F-C600-4A7F-B972-B0A4A098E1A6}.AppStore|iPhone.Build.0 = Release|Any CPU
		{C3874A0F-C600-4A7F-B972-B0A4A098E1A6}.AppStore|iPhoneSimulator.ActiveCfg = Release|Any CPU
		{C3874A0F-C600-4A7F-B972-B0A4A098E1A6}.AppStore|iPhoneSimulator.Build.0 = Release|Any CPU
		{C3874A0F-C600-4A7F-B972-B0A4A098E1A6}.Debug|Any CPU.ActiveCfg = Debug|Any CPU
		{C3874A0F-C600-4A7F-B972-B0A4A098E1A6}.Debug|Any CPU.Build.0 = Debug|Any CPU
		{C3874A0F-C600-4A7F-B972-B0A4A098E1A6}.Debug|iPhone.ActiveCfg = Debug|Any CPU
		{C3874A0F-C600-4A7F-B972-B0A4A098E1A6}.Debug|iPhone.Build.0 = Debug|Any CPU
		{C3874A0F-C600-4A7F-B972-B0A4A098E1A6}.Debug|iPhoneSimulator.ActiveCfg = Debug|Any CPU
		{C3874A0F-C600-4A7F-B972-B0A4A098E1A6}.Debug|iPhoneSimulator.Build.0 = Debug|Any CPU
		{C3874A0F-C600-4A7F-B972-B0A4A098E1A6}.Release|Any CPU.ActiveCfg = Release|Any CPU
		{C3874A0F-C600-4A7F-B972-B0A4A098E1A6}.Release|Any CPU.Build.0 = Release|Any CPU
		{C3874A0F-C600-4A7F-B972-B0A4A098E1A6}.Release|iPhone.ActiveCfg = Release|Any CPU
		{C3874A0F-C600-4A7F-B972-B0A4A098E1A6}.Release|iPhone.Build.0 = Release|Any CPU
		{C3874A0F-C600-4A7F-B972-B0A4A098E1A6}.Release|iPhoneSimulator.ActiveCfg = Release|Any CPU
		{C3874A0F-C600-4A7F-B972-B0A4A098E1A6}.Release|iPhoneSimulator.Build.0 = Release|Any CPU
		{2B1E1196-3CE9-4173-A50E-AA9B38E3DE2A}.Ad-Hoc|Any CPU.ActiveCfg = Release|Any CPU
		{2B1E1196-3CE9-4173-A50E-AA9B38E3DE2A}.Ad-Hoc|Any CPU.Build.0 = Release|Any CPU
		{2B1E1196-3CE9-4173-A50E-AA9B38E3DE2A}.Ad-Hoc|iPhone.ActiveCfg = Release|Any CPU
		{2B1E1196-3CE9-4173-A50E-AA9B38E3DE2A}.Ad-Hoc|iPhone.Build.0 = Release|Any CPU
		{2B1E1196-3CE9-4173-A50E-AA9B38E3DE2A}.Ad-Hoc|iPhoneSimulator.ActiveCfg = Release|Any CPU
		{2B1E1196-3CE9-4173-A50E-AA9B38E3DE2A}.Ad-Hoc|iPhoneSimulator.Build.0 = Release|Any CPU
		{2B1E1196-3CE9-4173-A50E-AA9B38E3DE2A}.AppStore|Any CPU.ActiveCfg = Release|Any CPU
		{2B1E1196-3CE9-4173-A50E-AA9B38E3DE2A}.AppStore|Any CPU.Build.0 = Release|Any CPU
		{2B1E1196-3CE9-4173-A50E-AA9B38E3DE2A}.AppStore|iPhone.ActiveCfg = Release|Any CPU
		{2B1E1196-3CE9-4173-A50E-AA9B38E3DE2A}.AppStore|iPhone.Build.0 = Release|Any CPU
		{2B1E1196-3CE9-4173-A50E-AA9B38E3DE2A}.AppStore|iPhoneSimulator.ActiveCfg = Release|Any CPU
		{2B1E1196-3CE9-4173-A50E-AA9B38E3DE2A}.AppStore|iPhoneSimulator.Build.0 = Release|Any CPU
		{2B1E1196-3CE9-4173-A50E-AA9B38E3DE2A}.Debug|Any CPU.ActiveCfg = Debug|Any CPU
		{2B1E1196-3CE9-4173-A50E-AA9B38E3DE2A}.Debug|Any CPU.Build.0 = Debug|Any CPU
		{2B1E1196-3CE9-4173-A50E-AA9B38E3DE2A}.Debug|iPhone.ActiveCfg = Debug|Any CPU
		{2B1E1196-3CE9-4173-A50E-AA9B38E3DE2A}.Debug|iPhone.Build.0 = Debug|Any CPU
		{2B1E1196-3CE9-4173-A50E-AA9B38E3DE2A}.Debug|iPhoneSimulator.ActiveCfg = Debug|Any CPU
		{2B1E1196-3CE9-4173-A50E-AA9B38E3DE2A}.Debug|iPhoneSimulator.Build.0 = Debug|Any CPU
		{2B1E1196-3CE9-4173-A50E-AA9B38E3DE2A}.Release|Any CPU.ActiveCfg = Release|Any CPU
		{2B1E1196-3CE9-4173-A50E-AA9B38E3DE2A}.Release|Any CPU.Build.0 = Release|Any CPU
		{2B1E1196-3CE9-4173-A50E-AA9B38E3DE2A}.Release|iPhone.ActiveCfg = Release|Any CPU
		{2B1E1196-3CE9-4173-A50E-AA9B38E3DE2A}.Release|iPhone.Build.0 = Release|Any CPU
		{2B1E1196-3CE9-4173-A50E-AA9B38E3DE2A}.Release|iPhoneSimulator.ActiveCfg = Release|Any CPU
		{2B1E1196-3CE9-4173-A50E-AA9B38E3DE2A}.Release|iPhoneSimulator.Build.0 = Release|Any CPU
		{D1E4EC07-3545-456A-B610-02937C755127}.Ad-Hoc|Any CPU.ActiveCfg = Release|Any CPU
		{D1E4EC07-3545-456A-B610-02937C755127}.Ad-Hoc|Any CPU.Build.0 = Release|Any CPU
		{D1E4EC07-3545-456A-B610-02937C755127}.Ad-Hoc|Any CPU.Deploy.0 = Release|Any CPU
		{D1E4EC07-3545-456A-B610-02937C755127}.Ad-Hoc|iPhone.ActiveCfg = Release|Any CPU
		{D1E4EC07-3545-456A-B610-02937C755127}.Ad-Hoc|iPhone.Build.0 = Release|Any CPU
		{D1E4EC07-3545-456A-B610-02937C755127}.Ad-Hoc|iPhone.Deploy.0 = Release|Any CPU
		{D1E4EC07-3545-456A-B610-02937C755127}.Ad-Hoc|iPhoneSimulator.ActiveCfg = Release|Any CPU
		{D1E4EC07-3545-456A-B610-02937C755127}.Ad-Hoc|iPhoneSimulator.Build.0 = Release|Any CPU
		{D1E4EC07-3545-456A-B610-02937C755127}.Ad-Hoc|iPhoneSimulator.Deploy.0 = Release|Any CPU
		{D1E4EC07-3545-456A-B610-02937C755127}.AppStore|Any CPU.ActiveCfg = Release|Any CPU
		{D1E4EC07-3545-456A-B610-02937C755127}.AppStore|Any CPU.Build.0 = Release|Any CPU
		{D1E4EC07-3545-456A-B610-02937C755127}.AppStore|Any CPU.Deploy.0 = Release|Any CPU
		{D1E4EC07-3545-456A-B610-02937C755127}.AppStore|iPhone.ActiveCfg = Release|Any CPU
		{D1E4EC07-3545-456A-B610-02937C755127}.AppStore|iPhone.Build.0 = Release|Any CPU
		{D1E4EC07-3545-456A-B610-02937C755127}.AppStore|iPhone.Deploy.0 = Release|Any CPU
		{D1E4EC07-3545-456A-B610-02937C755127}.AppStore|iPhoneSimulator.ActiveCfg = Release|Any CPU
		{D1E4EC07-3545-456A-B610-02937C755127}.AppStore|iPhoneSimulator.Build.0 = Release|Any CPU
		{D1E4EC07-3545-456A-B610-02937C755127}.AppStore|iPhoneSimulator.Deploy.0 = Release|Any CPU
		{D1E4EC07-3545-456A-B610-02937C755127}.Debug|Any CPU.ActiveCfg = Debug|Any CPU
		{D1E4EC07-3545-456A-B610-02937C755127}.Debug|Any CPU.Build.0 = Debug|Any CPU
		{D1E4EC07-3545-456A-B610-02937C755127}.Debug|Any CPU.Deploy.0 = Debug|Any CPU
		{D1E4EC07-3545-456A-B610-02937C755127}.Debug|iPhone.ActiveCfg = Debug|Any CPU
		{D1E4EC07-3545-456A-B610-02937C755127}.Debug|iPhone.Build.0 = Debug|Any CPU
		{D1E4EC07-3545-456A-B610-02937C755127}.Debug|iPhone.Deploy.0 = Debug|Any CPU
		{D1E4EC07-3545-456A-B610-02937C755127}.Debug|iPhoneSimulator.ActiveCfg = Debug|Any CPU
		{D1E4EC07-3545-456A-B610-02937C755127}.Debug|iPhoneSimulator.Build.0 = Debug|Any CPU
		{D1E4EC07-3545-456A-B610-02937C755127}.Debug|iPhoneSimulator.Deploy.0 = Debug|Any CPU
		{D1E4EC07-3545-456A-B610-02937C755127}.Release|Any CPU.ActiveCfg = Release|Any CPU
		{D1E4EC07-3545-456A-B610-02937C755127}.Release|Any CPU.Build.0 = Release|Any CPU
		{D1E4EC07-3545-456A-B610-02937C755127}.Release|Any CPU.Deploy.0 = Release|Any CPU
		{D1E4EC07-3545-456A-B610-02937C755127}.Release|iPhone.ActiveCfg = Release|Any CPU
		{D1E4EC07-3545-456A-B610-02937C755127}.Release|iPhone.Build.0 = Release|Any CPU
		{D1E4EC07-3545-456A-B610-02937C755127}.Release|iPhone.Deploy.0 = Release|Any CPU
		{D1E4EC07-3545-456A-B610-02937C755127}.Release|iPhoneSimulator.ActiveCfg = Release|Any CPU
		{D1E4EC07-3545-456A-B610-02937C755127}.Release|iPhoneSimulator.Build.0 = Release|Any CPU
		{D1E4EC07-3545-456A-B610-02937C755127}.Release|iPhoneSimulator.Deploy.0 = Release|Any CPU
		{68575331-0B47-4CCE-89C1-18FFFE169FC2}.Ad-Hoc|Any CPU.ActiveCfg = Release|Any CPU
		{68575331-0B47-4CCE-89C1-18FFFE169FC2}.Ad-Hoc|Any CPU.Build.0 = Release|Any CPU
		{68575331-0B47-4CCE-89C1-18FFFE169FC2}.Ad-Hoc|iPhone.ActiveCfg = Release|Any CPU
		{68575331-0B47-4CCE-89C1-18FFFE169FC2}.Ad-Hoc|iPhone.Build.0 = Release|Any CPU
		{68575331-0B47-4CCE-89C1-18FFFE169FC2}.Ad-Hoc|iPhoneSimulator.ActiveCfg = Release|Any CPU
		{68575331-0B47-4CCE-89C1-18FFFE169FC2}.Ad-Hoc|iPhoneSimulator.Build.0 = Release|Any CPU
		{68575331-0B47-4CCE-89C1-18FFFE169FC2}.AppStore|Any CPU.ActiveCfg = Release|Any CPU
		{68575331-0B47-4CCE-89C1-18FFFE169FC2}.AppStore|Any CPU.Build.0 = Release|Any CPU
		{68575331-0B47-4CCE-89C1-18FFFE169FC2}.AppStore|iPhone.ActiveCfg = Release|Any CPU
		{68575331-0B47-4CCE-89C1-18FFFE169FC2}.AppStore|iPhone.Build.0 = Release|Any CPU
		{68575331-0B47-4CCE-89C1-18FFFE169FC2}.AppStore|iPhoneSimulator.ActiveCfg = Release|Any CPU
		{68575331-0B47-4CCE-89C1-18FFFE169FC2}.AppStore|iPhoneSimulator.Build.0 = Release|Any CPU
		{68575331-0B47-4CCE-89C1-18FFFE169FC2}.Debug|Any CPU.ActiveCfg = Debug|Any CPU
		{68575331-0B47-4CCE-89C1-18FFFE169FC2}.Debug|Any CPU.Build.0 = Debug|Any CPU
		{68575331-0B47-4CCE-89C1-18FFFE169FC2}.Debug|iPhone.ActiveCfg = Debug|Any CPU
		{68575331-0B47-4CCE-89C1-18FFFE169FC2}.Debug|iPhone.Build.0 = Debug|Any CPU
		{68575331-0B47-4CCE-89C1-18FFFE169FC2}.Debug|iPhoneSimulator.ActiveCfg = Debug|Any CPU
		{68575331-0B47-4CCE-89C1-18FFFE169FC2}.Debug|iPhoneSimulator.Build.0 = Debug|Any CPU
		{68575331-0B47-4CCE-89C1-18FFFE169FC2}.Release|Any CPU.ActiveCfg = Release|Any CPU
		{68575331-0B47-4CCE-89C1-18FFFE169FC2}.Release|Any CPU.Build.0 = Release|Any CPU
		{68575331-0B47-4CCE-89C1-18FFFE169FC2}.Release|iPhone.ActiveCfg = Release|Any CPU
		{68575331-0B47-4CCE-89C1-18FFFE169FC2}.Release|iPhone.Build.0 = Release|Any CPU
		{68575331-0B47-4CCE-89C1-18FFFE169FC2}.Release|iPhoneSimulator.ActiveCfg = Release|Any CPU
		{68575331-0B47-4CCE-89C1-18FFFE169FC2}.Release|iPhoneSimulator.Build.0 = Release|Any CPU
	EndGlobalSection
	GlobalSection(SolutionProperties) = preSolution
		HideSolutionNode = FALSE
	EndGlobalSection
	GlobalSection(ExtensibilityGlobals) = postSolution
		SolutionGuid = {9F730797-6941-4E71-8C0F-6A0810D7CF42}
	EndGlobalSection
EndGlobal
